// !$*UTF8*$!
{
	archiveVersion = 1;
	classes = {
	};
	objectVersion = 56;
	objects = {

/* Begin PBXBuildFile section */
		DCA2A31E2B779A83007FC3C8 /* Color+Random.swift in Sources */ = {isa = PBXBuildFile; fileRef = DCA2A31D2B779A83007FC3C8 /* Color+Random.swift */; };
		DCA2A3202B779B9E007FC3C8 /* BookView.swift in Sources */ = {isa = PBXBuildFile; fileRef = DCA2A31F2B779B9E007FC3C8 /* BookView.swift */; };
		DCA2A3222B779D9D007FC3C8 /* BookEditView.swift in Sources */ = {isa = PBXBuildFile; fileRef = DCA2A3212B779D9D007FC3C8 /* BookEditView.swift */; };
		DCACEB9D2B766E79009818D5 /* Data_Flow_TutorialApp.swift in Sources */ = {isa = PBXBuildFile; fileRef = DCACEB9C2B766E79009818D5 /* Data_Flow_TutorialApp.swift */; };
		DCACEB9F2B766E79009818D5 /* ContentView.swift in Sources */ = {isa = PBXBuildFile; fileRef = DCACEB9E2B766E79009818D5 /* ContentView.swift */; };
		DCACEBA12B766E7B009818D5 /* Assets.xcassets in Resources */ = {isa = PBXBuildFile; fileRef = DCACEBA02B766E7B009818D5 /* Assets.xcassets */; };
		DCACEBA52B766E7B009818D5 /* Preview Assets.xcassets in Resources */ = {isa = PBXBuildFile; fileRef = DCACEBA42B766E7B009818D5 /* Preview Assets.xcassets */; };
		DCACEBAE2B767287009818D5 /* LibraryView.swift in Sources */ = {isa = PBXBuildFile; fileRef = DCACEBAD2B767287009818D5 /* LibraryView.swift */; };
		DCACEBB02B767343009818D5 /* LibraryItemView.swift in Sources */ = {isa = PBXBuildFile; fileRef = DCACEBAF2B767343009818D5 /* LibraryItemView.swift */; };
		DCACEBB22B767419009818D5 /* Book.swift in Sources */ = {isa = PBXBuildFile; fileRef = DCACEBB12B767419009818D5 /* Book.swift */; };
		DCACEBB42B767592009818D5 /* Author.swift in Sources */ = {isa = PBXBuildFile; fileRef = DCACEBB32B767592009818D5 /* Author.swift */; };
		DCACEBB62B7675C3009818D5 /* Library.swift in Sources */ = {isa = PBXBuildFile; fileRef = DCACEBB52B7675C3009818D5 /* Library.swift */; };
/* End PBXBuildFile section */

/* Begin PBXFileReference section */
		DCA2A31D2B779A83007FC3C8 /* Color+Random.swift */ = {isa = PBXFileReference; lastKnownFileType = sourcecode.swift; path = "Color+Random.swift"; sourceTree = "<group>"; };
		DCA2A31F2B779B9E007FC3C8 /* BookView.swift */ = {isa = PBXFileReference; lastKnownFileType = sourcecode.swift; path = BookView.swift; sourceTree = "<group>"; };
		DCA2A3212B779D9D007FC3C8 /* BookEditView.swift */ = {isa = PBXFileReference; lastKnownFileType = sourcecode.swift; path = BookEditView.swift; sourceTree = "<group>"; };
		DCACEB992B766E79009818D5 /* Data Flow Tutorial.app */ = {isa = PBXFileReference; explicitFileType = wrapper.application; includeInIndex = 0; path = "Data Flow Tutorial.app"; sourceTree = BUILT_PRODUCTS_DIR; };
		DCACEB9C2B766E79009818D5 /* Data_Flow_TutorialApp.swift */ = {isa = PBXFileReference; lastKnownFileType = sourcecode.swift; path = Data_Flow_TutorialApp.swift; sourceTree = "<group>"; };
		DCACEB9E2B766E79009818D5 /* ContentView.swift */ = {isa = PBXFileReference; lastKnownFileType = sourcecode.swift; path = ContentView.swift; sourceTree = "<group>"; };
		DCACEBA02B766E7B009818D5 /* Assets.xcassets */ = {isa = PBXFileReference; lastKnownFileType = folder.assetcatalog; path = Assets.xcassets; sourceTree = "<group>"; };
		DCACEBA22B766E7B009818D5 /* Data_Flow_Tutorial.entitlements */ = {isa = PBXFileReference; lastKnownFileType = text.plist.entitlements; path = Data_Flow_Tutorial.entitlements; sourceTree = "<group>"; };
		DCACEBA42B766E7B009818D5 /* Preview Assets.xcassets */ = {isa = PBXFileReference; lastKnownFileType = folder.assetcatalog; path = "Preview Assets.xcassets"; sourceTree = "<group>"; };
		DCACEBAD2B767287009818D5 /* LibraryView.swift */ = {isa = PBXFileReference; lastKnownFileType = sourcecode.swift; path = LibraryView.swift; sourceTree = "<group>"; };
		DCACEBAF2B767343009818D5 /* LibraryItemView.swift */ = {isa = PBXFileReference; lastKnownFileType = sourcecode.swift; path = LibraryItemView.swift; sourceTree = "<group>"; };
		DCACEBB12B767419009818D5 /* Book.swift */ = {isa = PBXFileReference; lastKnownFileType = sourcecode.swift; path = Book.swift; sourceTree = "<group>"; };
		DCACEBB32B767592009818D5 /* Author.swift */ = {isa = PBXFileReference; lastKnownFileType = sourcecode.swift; path = Author.swift; sourceTree = "<group>"; };
		DCACEBB52B7675C3009818D5 /* Library.swift */ = {isa = PBXFileReference; lastKnownFileType = sourcecode.swift; path = Library.swift; sourceTree = "<group>"; };
/* End PBXFileReference section */

/* Begin PBXFrameworksBuildPhase section */
		DCACEB962B766E79009818D5 /* Frameworks */ = {
			isa = PBXFrameworksBuildPhase;
			buildActionMask = 2147483647;
			files = (
			);
			runOnlyForDeploymentPostprocessing = 0;
		};
/* End PBXFrameworksBuildPhase section */

/* Begin PBXGroup section */
		DCACEB902B766E79009818D5 = {
			isa = PBXGroup;
			children = (
				DCACEB9B2B766E79009818D5 /* Data Flow Tutorial */,
				DCACEB9A2B766E79009818D5 /* Products */,
			);
			sourceTree = "<group>";
		};
		DCACEB9A2B766E79009818D5 /* Products */ = {
			isa = PBXGroup;
			children = (
				DCACEB992B766E79009818D5 /* Data Flow Tutorial.app */,
			);
			name = Products;
			sourceTree = "<group>";
		};
		DCACEB9B2B766E79009818D5 /* Data Flow Tutorial */ = {
			isa = PBXGroup;
			children = (
				DCACEBAC2B767266009818D5 /* Models */,
				DCACEBAB2B76725E009818D5 /* Views */,
				DCACEB9C2B766E79009818D5 /* Data_Flow_TutorialApp.swift */,
				DCA2A31D2B779A83007FC3C8 /* Color+Random.swift */,
				DCACEB9E2B766E79009818D5 /* ContentView.swift */,
				DCACEBA02B766E7B009818D5 /* Assets.xcassets */,
				DCACEBA22B766E7B009818D5 /* Data_Flow_Tutorial.entitlements */,
				DCACEBA32B766E7B009818D5 /* Preview Content */,
			);
			path = "Data Flow Tutorial";
			sourceTree = "<group>";
		};
		DCACEBA32B766E7B009818D5 /* Preview Content */ = {
			isa = PBXGroup;
			children = (
				DCACEBA42B766E7B009818D5 /* Preview Assets.xcassets */,
			);
			path = "Preview Content";
			sourceTree = "<group>";
		};
		DCACEBAB2B76725E009818D5 /* Views */ = {
			isa = PBXGroup;
			children = (
				DCACEBAD2B767287009818D5 /* LibraryView.swift */,
				DCA2A3212B779D9D007FC3C8 /* BookEditView.swift */,
				DCACEBAF2B767343009818D5 /* LibraryItemView.swift */,
				DCA2A31F2B779B9E007FC3C8 /* BookView.swift */,
			);
			path = Views;
			sourceTree = "<group>";
		};
		DCACEBAC2B767266009818D5 /* Models */ = {
			isa = PBXGroup;
			children = (
				DCACEBB12B767419009818D5 /* Book.swift */,
				DCACEBB32B767592009818D5 /* Author.swift */,
				DCACEBB52B7675C3009818D5 /* Library.swift */,
			);
			path = Models;
			sourceTree = "<group>";
		};
/* End PBXGroup section */

/* Begin PBXNativeTarget section */
		DCACEB982B766E79009818D5 /* Data Flow Tutorial */ = {
			isa = PBXNativeTarget;
			buildConfigurationList = DCACEBA82B766E7B009818D5 /* Build configuration list for PBXNativeTarget "Data Flow Tutorial" */;
			buildPhases = (
				DCACEB952B766E79009818D5 /* Sources */,
				DCACEB962B766E79009818D5 /* Frameworks */,
				DCACEB972B766E79009818D5 /* Resources */,
			);
			buildRules = (
			);
			dependencies = (
			);
			name = "Data Flow Tutorial";
			productName = "Data Flow Tutorial";
			productReference = DCACEB992B766E79009818D5 /* Data Flow Tutorial.app */;
			productType = "com.apple.product-type.application";
		};
/* End PBXNativeTarget section */

/* Begin PBXProject section */
		DCACEB912B766E79009818D5 /* Project object */ = {
			isa = PBXProject;
			attributes = {
				BuildIndependentTargetsInParallel = 1;
				LastSwiftUpdateCheck = 1500;
				LastUpgradeCheck = 1500;
				TargetAttributes = {
					DCACEB982B766E79009818D5 = {
						CreatedOnToolsVersion = 15.0;
					};
				};
			};
			buildConfigurationList = DCACEB942B766E79009818D5 /* Build configuration list for PBXProject "Data Flow Tutorial" */;
			compatibilityVersion = "Xcode 14.0";
			developmentRegion = en;
			hasScannedForEncodings = 0;
			knownRegions = (
				en,
				Base,
			);
			mainGroup = DCACEB902B766E79009818D5;
			productRefGroup = DCACEB9A2B766E79009818D5 /* Products */;
			projectDirPath = "";
			projectRoot = "";
			targets = (
				DCACEB982B766E79009818D5 /* Data Flow Tutorial */,
			);
		};
/* End PBXProject section */

/* Begin PBXResourcesBuildPhase section */
		DCACEB972B766E79009818D5 /* Resources */ = {
			isa = PBXResourcesBuildPhase;
			buildActionMask = 2147483647;
			files = (
				DCACEBA52B766E7B009818D5 /* Preview Assets.xcassets in Resources */,
				DCACEBA12B766E7B009818D5 /* Assets.xcassets in Resources */,
			);
			runOnlyForDeploymentPostprocessing = 0;
		};
/* End PBXResourcesBuildPhase section */

/* Begin PBXSourcesBuildPhase section */
		DCACEB952B766E79009818D5 /* Sources */ = {
			isa = PBXSourcesBuildPhase;
			buildActionMask = 2147483647;
			files = (
				DCA2A3202B779B9E007FC3C8 /* BookView.swift in Sources */,
				DCA2A31E2B779A83007FC3C8 /* Color+Random.swift in Sources */,
				DCACEBB42B767592009818D5 /* Author.swift in Sources */,
				DCACEBB62B7675C3009818D5 /* Library.swift in Sources */,
				DCACEB9F2B766E79009818D5 /* ContentView.swift in Sources */,
				DCACEBAE2B767287009818D5 /* LibraryView.swift in Sources */,
				DCACEB9D2B766E79009818D5 /* Data_Flow_TutorialApp.swift in Sources */,
				DCACEBB22B767419009818D5 /* Book.swift in Sources */,
				DCACEBB02B767343009818D5 /* LibraryItemView.swift in Sources */,
				DCA2A3222B779D9D007FC3C8 /* BookEditView.swift in Sources */,
			);
			runOnlyForDeploymentPostprocessing = 0;
		};
/* End PBXSourcesBuildPhase section */

/* Begin XCBuildConfiguration section */
		DCACEBA62B766E7B009818D5 /* Debug */ = {
			isa = XCBuildConfiguration;
			buildSettings = {
				ALWAYS_SEARCH_USER_PATHS = NO;
				ASSETCATALOG_COMPILER_GENERATE_SWIFT_ASSET_SYMBOL_EXTENSIONS = YES;
				CLANG_ANALYZER_NONNULL = YES;
				CLANG_ANALYZER_NUMBER_OBJECT_CONVERSION = YES_AGGRESSIVE;
				CLANG_CXX_LANGUAGE_STANDARD = "gnu++20";
				CLANG_ENABLE_MODULES = YES;
				CLANG_ENABLE_OBJC_ARC = YES;
				CLANG_ENABLE_OBJC_WEAK = YES;
				CLANG_WARN_BLOCK_CAPTURE_AUTORELEASING = YES;
				CLANG_WARN_BOOL_CONVERSION = YES;
				CLANG_WARN_COMMA = YES;
				CLANG_WARN_CONSTANT_CONVERSION = YES;
				CLANG_WARN_DEPRECATED_OBJC_IMPLEMENTATIONS = YES;
				CLANG_WARN_DIRECT_OBJC_ISA_USAGE = YES_ERROR;
				CLANG_WARN_DOCUMENTATION_COMMENTS = YES;
				CLANG_WARN_EMPTY_BODY = YES;
				CLANG_WARN_ENUM_CONVERSION = YES;
				CLANG_WARN_INFINITE_RECURSION = YES;
				CLANG_WARN_INT_CONVERSION = YES;
				CLANG_WARN_NON_LITERAL_NULL_CONVERSION = YES;
				CLANG_WARN_OBJC_IMPLICIT_RETAIN_SELF = YES;
				CLANG_WARN_OBJC_LITERAL_CONVERSION = YES;
				CLANG_WARN_OBJC_ROOT_CLASS = YES_ERROR;
				CLANG_WARN_QUOTED_INCLUDE_IN_FRAMEWORK_HEADER = YES;
				CLANG_WARN_RANGE_LOOP_ANALYSIS = YES;
				CLANG_WARN_STRICT_PROTOTYPES = YES;
				CLANG_WARN_SUSPICIOUS_MOVE = YES;
				CLANG_WARN_UNGUARDED_AVAILABILITY = YES_AGGRESSIVE;
				CLANG_WARN_UNREACHABLE_CODE = YES;
				CLANG_WARN__DUPLICATE_METHOD_MATCH = YES;
				COPY_PHASE_STRIP = NO;
				DEBUG_INFORMATION_FORMAT = dwarf;
				ENABLE_STRICT_OBJC_MSGSEND = YES;
				ENABLE_TESTABILITY = YES;
				ENABLE_USER_SCRIPT_SANDBOXING = YES;
				GCC_C_LANGUAGE_STANDARD = gnu17;
				GCC_DYNAMIC_NO_PIC = NO;
				GCC_NO_COMMON_BLOCKS = YES;
				GCC_OPTIMIZATION_LEVEL = 0;
				GCC_PREPROCESSOR_DEFINITIONS = (
					"DEBUG=1",
					"$(inherited)",
				);
				GCC_WARN_64_TO_32_BIT_CONVERSION = YES;
				GCC_WARN_ABOUT_RETURN_TYPE = YES_ERROR;
				GCC_WARN_UNDECLARED_SELECTOR = YES;
				GCC_WARN_UNINITIALIZED_AUTOS = YES_AGGRESSIVE;
				GCC_WARN_UNUSED_FUNCTION = YES;
				GCC_WARN_UNUSED_VARIABLE = YES;
				LOCALIZATION_PREFERS_STRING_CATALOGS = YES;
				MTL_ENABLE_DEBUG_INFO = INCLUDE_SOURCE;
				MTL_FAST_MATH = YES;
				ONLY_ACTIVE_ARCH = YES;
				SWIFT_ACTIVE_COMPILATION_CONDITIONS = "DEBUG $(inherited)";
				SWIFT_OPTIMIZATION_LEVEL = "-Onone";
			};
			name = Debug;
		};
		DCACEBA72B766E7B009818D5 /* Release */ = {
			isa = XCBuildConfiguration;
			buildSettings = {
				ALWAYS_SEARCH_USER_PATHS = NO;
				ASSETCATALOG_COMPILER_GENERATE_SWIFT_ASSET_SYMBOL_EXTENSIONS = YES;
				CLANG_ANALYZER_NONNULL = YES;
				CLANG_ANALYZER_NUMBER_OBJECT_CONVERSION = YES_AGGRESSIVE;
				CLANG_CXX_LANGUAGE_STANDARD = "gnu++20";
				CLANG_ENABLE_MODULES = YES;
				CLANG_ENABLE_OBJC_ARC = YES;
				CLANG_ENABLE_OBJC_WEAK = YES;
				CLANG_WARN_BLOCK_CAPTURE_AUTORELEASING = YES;
				CLANG_WARN_BOOL_CONVERSION = YES;
				CLANG_WARN_COMMA = YES;
				CLANG_WARN_CONSTANT_CONVERSION = YES;
				CLANG_WARN_DEPRECATED_OBJC_IMPLEMENTATIONS = YES;
				CLANG_WARN_DIRECT_OBJC_ISA_USAGE = YES_ERROR;
				CLANG_WARN_DOCUMENTATION_COMMENTS = YES;
				CLANG_WARN_EMPTY_BODY = YES;
				CLANG_WARN_ENUM_CONVERSION = YES;
				CLANG_WARN_INFINITE_RECURSION = YES;
				CLANG_WARN_INT_CONVERSION = YES;
				CLANG_WARN_NON_LITERAL_NULL_CONVERSION = YES;
				CLANG_WARN_OBJC_IMPLICIT_RETAIN_SELF = YES;
				CLANG_WARN_OBJC_LITERAL_CONVERSION = YES;
				CLANG_WARN_OBJC_ROOT_CLASS = YES_ERROR;
				CLANG_WARN_QUOTED_INCLUDE_IN_FRAMEWORK_HEADER = YES;
				CLANG_WARN_RANGE_LOOP_ANALYSIS = YES;
				CLANG_WARN_STRICT_PROTOTYPES = YES;
				CLANG_WARN_SUSPICIOUS_MOVE = YES;
				CLANG_WARN_UNGUARDED_AVAILABILITY = YES_AGGRESSIVE;
				CLANG_WARN_UNREACHABLE_CODE = YES;
				CLANG_WARN__DUPLICATE_METHOD_MATCH = YES;
				COPY_PHASE_STRIP = NO;
				DEBUG_INFORMATION_FORMAT = "dwarf-with-dsym";
				ENABLE_NS_ASSERTIONS = NO;
				ENABLE_STRICT_OBJC_MSGSEND = YES;
				ENABLE_USER_SCRIPT_SANDBOXING = YES;
				GCC_C_LANGUAGE_STANDARD = gnu17;
				GCC_NO_COMMON_BLOCKS = YES;
				GCC_WARN_64_TO_32_BIT_CONVERSION = YES;
				GCC_WARN_ABOUT_RETURN_TYPE = YES_ERROR;
				GCC_WARN_UNDECLARED_SELECTOR = YES;
				GCC_WARN_UNINITIALIZED_AUTOS = YES_AGGRESSIVE;
				GCC_WARN_UNUSED_FUNCTION = YES;
				GCC_WARN_UNUSED_VARIABLE = YES;
				LOCALIZATION_PREFERS_STRING_CATALOGS = YES;
				MTL_ENABLE_DEBUG_INFO = NO;
				MTL_FAST_MATH = YES;
				SWIFT_COMPILATION_MODE = wholemodule;
			};
			name = Release;
		};
		DCACEBA92B766E7B009818D5 /* Debug */ = {
			isa = XCBuildConfiguration;
			buildSettings = {
				ASSETCATALOG_COMPILER_APPICON_NAME = AppIcon;
				ASSETCATALOG_COMPILER_GLOBAL_ACCENT_COLOR_NAME = AccentColor;
				CODE_SIGN_ENTITLEMENTS = "Data Flow Tutorial/Data_Flow_Tutorial.entitlements";
				CODE_SIGN_STYLE = Automatic;
				CURRENT_PROJECT_VERSION = 1;
				DEVELOPMENT_ASSET_PATHS = "\"Data Flow Tutorial/Preview Content\"";
				DEVELOPMENT_TEAM = BCCUVY4KWG;
				ENABLE_HARDENED_RUNTIME = YES;
				ENABLE_PREVIEWS = YES;
				GENERATE_INFOPLIST_FILE = YES;
				"INFOPLIST_KEY_UIApplicationSceneManifest_Generation[sdk=iphoneos*]" = YES;
				"INFOPLIST_KEY_UIApplicationSceneManifest_Generation[sdk=iphonesimulator*]" = YES;
				"INFOPLIST_KEY_UIApplicationSupportsIndirectInputEvents[sdk=iphoneos*]" = YES;
				"INFOPLIST_KEY_UIApplicationSupportsIndirectInputEvents[sdk=iphonesimulator*]" = YES;
				"INFOPLIST_KEY_UILaunchScreen_Generation[sdk=iphoneos*]" = YES;
				"INFOPLIST_KEY_UILaunchScreen_Generation[sdk=iphonesimulator*]" = YES;
				"INFOPLIST_KEY_UIStatusBarStyle[sdk=iphoneos*]" = UIStatusBarStyleDefault;
				"INFOPLIST_KEY_UIStatusBarStyle[sdk=iphonesimulator*]" = UIStatusBarStyleDefault;
				INFOPLIST_KEY_UISupportedInterfaceOrientations_iPad = "UIInterfaceOrientationPortrait UIInterfaceOrientationPortraitUpsideDown UIInterfaceOrientationLandscapeLeft UIInterfaceOrientationLandscapeRight";
				INFOPLIST_KEY_UISupportedInterfaceOrientations_iPhone = "UIInterfaceOrientationPortrait UIInterfaceOrientationLandscapeLeft UIInterfaceOrientationLandscapeRight";
				IPHONEOS_DEPLOYMENT_TARGET = 17.0;
				LD_RUNPATH_SEARCH_PATHS = "@executable_path/Frameworks";
				"LD_RUNPATH_SEARCH_PATHS[sdk=macosx*]" = "@executable_path/../Frameworks";
				MACOSX_DEPLOYMENT_TARGET = 14.0;
				MARKETING_VERSION = 1.0;
				PRODUCT_BUNDLE_IDENTIFIER = "no-org.Data-Flow-Tutorial";
				PRODUCT_NAME = "$(TARGET_NAME)";
				SDKROOT = auto;
				SUPPORTED_PLATFORMS = "iphoneos iphonesimulator macosx";
				SWIFT_EMIT_LOC_STRINGS = YES;
				SWIFT_VERSION = 5.0;
				TARGETED_DEVICE_FAMILY = "1,2";
			};
			name = Debug;
		};
		DCACEBAA2B766E7B009818D5 /* Release */ = {
			isa = XCBuildConfiguration;
			buildSettings = {
				ASSETCATALOG_COMPILER_APPICON_NAME = AppIcon;
				ASSETCATALOG_COMPILER_GLOBAL_ACCENT_COLOR_NAME = AccentColor;
				CODE_SIGN_ENTITLEMENTS = "Data Flow Tutorial/Data_Flow_Tutorial.entitlements";
				CODE_SIGN_STYLE = Automatic;
				CURRENT_PROJECT_VERSION = 1;
				DEVELOPMENT_ASSET_PATHS = "\"Data Flow Tutorial/Preview Content\"";
				DEVELOPMENT_TEAM = BCCUVY4KWG;
				ENABLE_HARDENED_RUNTIME = YES;
				ENABLE_PREVIEWS = YES;
				GENERATE_INFOPLIST_FILE = YES;
				"INFOPLIST_KEY_UIApplicationSceneManifest_Generation[sdk=iphoneos*]" = YES;
				"INFOPLIST_KEY_UIApplicationSceneManifest_Generation[sdk=iphonesimulator*]" = YES;
				"INFOPLIST_KEY_UIApplicationSupportsIndirectInputEvents[sdk=iphoneos*]" = YES;
				"INFOPLIST_KEY_UIApplicationSupportsIndirectInputEvents[sdk=iphonesimulator*]" = YES;
				"INFOPLIST_KEY_UILaunchScreen_Generation[sdk=iphoneos*]" = YES;
				"INFOPLIST_KEY_UILaunchScreen_Generation[sdk=iphonesimulator*]" = YES;
				"INFOPLIST_KEY_UIStatusBarStyle[sdk=iphoneos*]" = UIStatusBarStyleDefault;
				"INFOPLIST_KEY_UIStatusBarStyle[sdk=iphonesimulator*]" = UIStatusBarStyleDefault;
				INFOPLIST_KEY_UISupportedInterfaceOrientations_iPad = "UIInterfaceOrientationPortrait UIInterfaceOrientationPortraitUpsideDown UIInterfaceOrientationLandscapeLeft UIInterfaceOrientationLandscapeRight";
				INFOPLIST_KEY_UISupportedInterfaceOrientations_iPhone = "UIInterfaceOrientationPortrait UIInterfaceOrientationLandscapeLeft UIInterfaceOrientationLandscapeRight";
				IPHONEOS_DEPLOYMENT_TARGET = 17.0;
				LD_RUNPATH_SEARCH_PATHS = "@executable_path/Frameworks";
				"LD_RUNPATH_SEARCH_PATHS[sdk=macosx*]" = "@executable_path/../Frameworks";
				MACOSX_DEPLOYMENT_TARGET = 14.0;
				MARKETING_VERSION = 1.0;
				PRODUCT_BUNDLE_IDENTIFIER = "no-org.Data-Flow-Tutorial";
				PRODUCT_NAME = "$(TARGET_NAME)";
				SDKROOT = auto;
				SUPPORTED_PLATFORMS = "iphoneos iphonesimulator macosx";
				SWIFT_EMIT_LOC_STRINGS = YES;
				SWIFT_VERSION = 5.0;
				TARGETED_DEVICE_FAMILY = "1,2";
			};
			name = Release;
		};
/* End XCBuildConfiguration section */

/* Begin XCConfigurationList section */
		DCACEB942B766E79009818D5 /* Build configuration list for PBXProject "Data Flow Tutorial" */ = {
			isa = XCConfigurationList;
			buildConfigurations = (
				DCACEBA62B766E7B009818D5 /* Debug */,
				DCACEBA72B766E7B009818D5 /* Release */,
			);
			defaultConfigurationIsVisible = 0;
			defaultConfigurationName = Release;
		};
		DCACEBA82B766E7B009818D5 /* Build configuration list for PBXNativeTarget "Data Flow Tutorial" */ = {
			isa = XCConfigurationList;
			buildConfigurations = (
				DCACEBA92B766E7B009818D5 /* Debug */,
				DCACEBAA2B766E7B009818D5 /* Release */,
			);
			defaultConfigurationIsVisible = 0;
			defaultConfigurationName = Release;
		};
/* End XCConfigurationList section */
	};
	rootObject = DCACEB912B766E79009818D5 /* Project object */;
}
